
Microsoft Visual Studio Solution File, Format Version 12.00
# Visual Studio Version 16
VisualStudioVersion = 16.0.29123.88
MinimumVisualStudioVersion = 10.0.40219.1
Project("{FAE04EC0-301F-11D3-BF4B-00C04F79EFBC}") = "LR1", "LR1.csproj", "{473ABF4E-6D6B-453C-9DD7-AC66564873DB}"
EndProject
Project("{FAE04EC0-301F-11D3-BF4B-00C04F79EFBC}") = "Module1", "..\Module1\Module1.csproj", "{43316A95-82D5-42CE-8A3F-40819C02A4BB}"
EndProject
Project("{FAE04EC0-301F-11D3-BF4B-00C04F79EFBC}") = "Module2", "..\Module2\Module2.csproj", "{78648BA2-5F45-4056-BC21-241B1931D4D2}"
EndProject
Global
	GlobalSection(SolutionConfigurationPlatforms) = preSolution
		Debug|Any CPU = Debug|Any CPU
		Release|Any CPU = Release|Any CPU
	EndGlobalSection
	GlobalSection(ProjectConfigurationPlatforms) = postSolution
		{473ABF4E-6D6B-453C-9DD7-AC66564873DB}.Debug|Any CPU.ActiveCfg = Debug|Any CPU
		{473ABF4E-6D6B-453C-9DD7-AC66564873DB}.Debug|Any CPU.Build.0 = Debug|Any CPU
		{473ABF4E-6D6B-453C-9DD7-AC66564873DB}.Release|Any CPU.ActiveCfg = Release|Any CPU
		{473ABF4E-6D6B-453C-9DD7-AC66564873DB}.Release|Any CPU.Build.0 = Release|Any CPU
		{43316A95-82D5-42CE-8A3F-40819C02A4BB}.Debug|Any CPU.ActiveCfg = Debug|Any CPU
		{43316A95-82D5-42CE-8A3F-40819C02A4BB}.Debug|Any CPU.Build.0 = Debug|Any CPU
		{43316A95-82D5-42CE-8A3F-40819C02A4BB}.Release|Any CPU.ActiveCfg = Release|Any CPU
		{43316A95-82D5-42CE-8A3F-40819C02A4BB}.Release|Any CPU.Build.0 = Release|Any CPU
		{78648BA2-5F45-4056-BC21-241B1931D4D2}.Debug|Any CPU.ActiveCfg = Debug|Any CPU
		{78648BA2-5F45-4056-BC21-241B1931D4D2}.Debug|Any CPU.Build.0 = Debug|Any CPU
		{78648BA2-5F45-4056-BC21-241B1931D4D2}.Release|Any CPU.ActiveCfg = Release|Any CPU
		{78648BA2-5F45-4056-BC21-241B1931D4D2}.Release|Any CPU.Build.0 = Release|Any CPU
	EndGlobalSection
	GlobalSection(SolutionProperties) = preSolution
		HideSolutionNode = FALSE
	EndGlobalSection
	GlobalSection(ExtensibilityGlobals) = postSolution
		SolutionGuid = {57E30EA1-D717-42FB-A71E-A8806EE3866B}
	EndGlobalSection
EndGlobal
